
Microsoft Visual Studio Solution File, Format Version 12.00
# Visual Studio Version 17
VisualStudioVersion = 17.8.34330.188
MinimumVisualStudioVersion = 10.0.40219.1
Project("{9A19103F-16F7-4668-BE54-9A1E7A4F7556}") = "DataAccess", "DataAccess\DataAccess.csproj", "{1A58E0D2-E078-4104-9628-54CC962192B0}"
EndProject
Project("{9A19103F-16F7-4668-BE54-9A1E7A4F7556}") = "BookManagementWPF", "BookManagementWPF\BookManagementWPF.csproj", "{998E7989-C5C0-4FAC-A3CD-9648A6D9EFB8}"
EndProject
Project("{FAE04EC0-301F-11D3-BF4B-00C04F79EFBC}") = "Repositories", "Repositories\Repositories.csproj", "{94B03AAB-C1E4-4655-8CC5-FBCBC46F4261}"
EndProject
Project("{FAE04EC0-301F-11D3-BF4B-00C04F79EFBC}") = "Services", "Services\Services.csproj", "{B61DC384-4BC3-4BC4-978F-79714DA9A3D5}"
EndProject
Global
	GlobalSection(SolutionConfigurationPlatforms) = preSolution
		Debug|Any CPU = Debug|Any CPU
		Release|Any CPU = Release|Any CPU
	EndGlobalSection
	GlobalSection(ProjectConfigurationPlatforms) = postSolution
		{1A58E0D2-E078-4104-9628-54CC962192B0}.Debug|Any CPU.ActiveCfg = Debug|Any CPU
		{1A58E0D2-E078-4104-9628-54CC962192B0}.Debug|Any CPU.Build.0 = Debug|Any CPU
		{1A58E0D2-E078-4104-9628-54CC962192B0}.Release|Any CPU.ActiveCfg = Release|Any CPU
		{1A58E0D2-E078-4104-9628-54CC962192B0}.Release|Any CPU.Build.0 = Release|Any CPU
		{998E7989-C5C0-4FAC-A3CD-9648A6D9EFB8}.Debug|Any CPU.ActiveCfg = Debug|Any CPU
		{998E7989-C5C0-4FAC-A3CD-9648A6D9EFB8}.Debug|Any CPU.Build.0 = Debug|Any CPU
		{998E7989-C5C0-4FAC-A3CD-9648A6D9EFB8}.Release|Any CPU.ActiveCfg = Release|Any CPU
		{998E7989-C5C0-4FAC-A3CD-9648A6D9EFB8}.Release|Any CPU.Build.0 = Release|Any CPU
		{94B03AAB-C1E4-4655-8CC5-FBCBC46F4261}.Debug|Any CPU.ActiveCfg = Debug|Any CPU
		{94B03AAB-C1E4-4655-8CC5-FBCBC46F4261}.Debug|Any CPU.Build.0 = Debug|Any CPU
		{94B03AAB-C1E4-4655-8CC5-FBCBC46F4261}.Release|Any CPU.ActiveCfg = Release|Any CPU
		{94B03AAB-C1E4-4655-8CC5-FBCBC46F4261}.Release|Any CPU.Build.0 = Release|Any CPU
		{B61DC384-4BC3-4BC4-978F-79714DA9A3D5}.Debug|Any CPU.ActiveCfg = Debug|Any CPU
		{B61DC384-4BC3-4BC4-978F-79714DA9A3D5}.Debug|Any CPU.Build.0 = Debug|Any CPU
		{B61DC384-4BC3-4BC4-978F-79714DA9A3D5}.Release|Any CPU.ActiveCfg = Release|Any CPU
		{B61DC384-4BC3-4BC4-978F-79714DA9A3D5}.Release|Any CPU.Build.0 = Release|Any CPU
	EndGlobalSection
	GlobalSection(SolutionProperties) = preSolution
		HideSolutionNode = FALSE
	EndGlobalSection
	GlobalSection(ExtensibilityGlobals) = postSolution
		SolutionGuid = {A45A0ECE-E2B3-41CA-AE8C-AEE7970A85D4}
	EndGlobalSection
EndGlobal
